
Microsoft Visual Studio Solution File, Format Version 12.00
# Visual Studio Version 17
VisualStudioVersion = 17.6.33723.286
MinimumVisualStudioVersion = 10.0.40219.1
Project("{9A19103F-16F7-4668-BE54-9A1E7A4F7556}") = "CardExchange", "CardExchange\CardExchange.csproj", "{5D25552D-192D-4C0D-99D3-AF7F09987D88}"
EndProject
Global
	GlobalSection(SolutionConfigurationPlatforms) = preSolution
		Debug|Any CPU = Debug|Any CPU
		Release|Any CPU = Release|Any CPU
	EndGlobalSection
	GlobalSection(ProjectConfigurationPlatforms) = postSolution
		{5D25552D-192D-4C0D-99D3-AF7F09987D88}.Debug|Any CPU.ActiveCfg = Debug|Any CPU
		{5D25552D-192D-4C0D-99D3-AF7F09987D88}.Debug|Any CPU.Build.0 = Debug|Any CPU
		{5D25552D-192D-4C0D-99D3-AF7F09987D88}.Release|Any CPU.ActiveCfg = Release|Any CPU
		{5D25552D-192D-4C0D-99D3-AF7F09987D88}.Release|Any CPU.Build.0 = Release|Any CPU
	EndGlobalSection
	GlobalSection(SolutionProperties) = preSolution
		HideSolutionNode = FALSE
	EndGlobalSection
	GlobalSection(ExtensibilityGlobals) = postSolution
		SolutionGuid = {3A624555-67B9-464A-913C-7E1CD8694016}
	EndGlobalSection
EndGlobal
